PODS:
  - Kiwi (2.4.0)
  - YTXTestLFS (0.1.0)

DEPENDENCIES:
  - Kiwi
  - YTXTestLFS (from `../`)

EXTERNAL SOURCES:
  YTXTestLFS:
    :path: ../

SPEC CHECKSUMS:
  Kiwi: f49c9d54b28917df5928fe44968a39ed198cb8a8
  YTXTestLFS: 8a51b19563339ee34deee9eb09ba97f950e1054f

PODFILE CHECKSUM: 873353ed2f9f564bc86010e39d20d8c76af89e40

COCOAPODS: 1.0.1
